// !$*UTF8*$!
{
	archiveVersion = 1;
	classes = {
	};
	objectVersion = 46;
	objects = {

/* Begin PBXBuildFile section */
		1122E8441B5E0D7600BCDB8F /* model.xcdatamodeld in Sources */ = {isa = PBXBuildFile; fileRef = 1122E8421B5E0D7600BCDB8F /* model.xcdatamodeld */; };
		112563771BD29021001B94C8 /* SSCheckMark.m in Sources */ = {isa = PBXBuildFile; fileRef = 112563761BD29021001B94C8 /* SSCheckMark.m */; };
		1151FD641BC71DD1003DA3DF /* Dish.swift in Sources */ = {isa = PBXBuildFile; fileRef = 1151FD601BC71DD1003DA3DF /* Dish.swift */; };
		1151FD661BC71DD1003DA3DF /* DishIngredient.swift in Sources */ = {isa = PBXBuildFile; fileRef = 1151FD621BC71DD1003DA3DF /* DishIngredient.swift */; };
		115B2C1C1BC9EE40001F16C1 /* DishCell.swift in Sources */ = {isa = PBXBuildFile; fileRef = 115B2C1B1BC9EE40001F16C1 /* DishCell.swift */; };
		115B2C1E1BC9F0C8001F16C1 /* DishCollection.swift in Sources */ = {isa = PBXBuildFile; fileRef = 115B2C1D1BC9F0C8001F16C1 /* DishCollection.swift */; };
		117D0C851BCA9971003C4F4D /* DishDetail.swift in Sources */ = {isa = PBXBuildFile; fileRef = 117D0C841BCA9971003C4F4D /* DishDetail.swift */; };
		1181E22D1BBB00A20037E520 /* CategoryList.swift in Sources */ = {isa = PBXBuildFile; fileRef = 1181E22C1BBB00A20037E520 /* CategoryList.swift */; };
		1194360B1B5DB416001EDFF8 /* IngredientCell.swift in Sources */ = {isa = PBXBuildFile; fileRef = 1194360A1B5DB416001EDFF8 /* IngredientCell.swift */; };
		11A3EC171B5EF3AB0054A3A0 /* Pathes.swift in Sources */ = {isa = PBXBuildFile; fileRef = 11A3EC161B5EF3AB0054A3A0 /* Pathes.swift */; };
		11A3EC191B5EF91A0054A3A0 /* Database.swift in Sources */ = {isa = PBXBuildFile; fileRef = 11A3EC181B5EF91A0054A3A0 /* Database.swift */; };
		11BC34FD1B5D620100DBD7B8 /* AppDelegate.swift in Sources */ = {isa = PBXBuildFile; fileRef = 11BC34FC1B5D620100DBD7B8 /* AppDelegate.swift */; };
		11BC34FF1B5D620100DBD7B8 /* IngredientList.swift in Sources */ = {isa = PBXBuildFile; fileRef = 11BC34FE1B5D620100DBD7B8 /* IngredientList.swift */; };
		11BC35041B5D620100DBD7B8 /* Main.storyboard in Resources */ = {isa = PBXBuildFile; fileRef = 11BC35021B5D620100DBD7B8 /* Main.storyboard */; };
		11BC35061B5D620100DBD7B8 /* Assets.xcassets in Resources */ = {isa = PBXBuildFile; fileRef = 11BC35051B5D620100DBD7B8 /* Assets.xcassets */; };
		11BC35091B5D620100DBD7B8 /* LaunchScreen.storyboard in Resources */ = {isa = PBXBuildFile; fileRef = 11BC35071B5D620100DBD7B8 /* LaunchScreen.storyboard */; };
		11BC35141B5D620200DBD7B8 /* NutritionManagerTests.swift in Sources */ = {isa = PBXBuildFile; fileRef = 11BC35131B5D620200DBD7B8 /* NutritionManagerTests.swift */; };
		11BC351F1B5D620200DBD7B8 /* NutritionManagerUITests.swift in Sources */ = {isa = PBXBuildFile; fileRef = 11BC351E1B5D620200DBD7B8 /* NutritionManagerUITests.swift */; };
		11C8A7B61B60E42D004409B4 /* IngredientDetail.swift in Sources */ = {isa = PBXBuildFile; fileRef = 11C8A7B51B60E42D004409B4 /* IngredientDetail.swift */; };
		11C8A7B81B613F44004409B4 /* Units.swift in Sources */ = {isa = PBXBuildFile; fileRef = 11C8A7B71B613F44004409B4 /* Units.swift */; };
		11EEECFF1D10700A00E3E80F /* Dishes.storyboard in Resources */ = {isa = PBXBuildFile; fileRef = 11EEECFD1D10700A00E3E80F /* Dishes.storyboard */; };
		11EEED011D1073A300E3E80F /* Ingredients.storyboard in Resources */ = {isa = PBXBuildFile; fileRef = 11EEED001D1073A300E3E80F /* Ingredients.storyboard */; };
		11F3D2281B5F89C40052516C /* Ingredient.swift in Sources */ = {isa = PBXBuildFile; fileRef = 11F3D2261B5F89C40052516C /* Ingredient.swift */; };
		11F709841B63DFC600177ADE /* Category.swift in Sources */ = {isa = PBXBuildFile; fileRef = 11F709821B63DFC600177ADE /* Category.swift */; };
/* End PBXBuildFile section */

/* Begin PBXContainerItemProxy section */
		11BC35101B5D620200DBD7B8 /* PBXContainerItemProxy */ = {
			isa = PBXContainerItemProxy;
			containerPortal = 11BC34F11B5D620100DBD7B8 /* Project object */;
			proxyType = 1;
			remoteGlobalIDString = 11BC34F81B5D620100DBD7B8;
			remoteInfo = NutritionManager;
		};
		11BC351B1B5D620200DBD7B8 /* PBXContainerItemProxy */ = {
			isa = PBXContainerItemProxy;
			containerPortal = 11BC34F11B5D620100DBD7B8 /* Project object */;
			proxyType = 1;
			remoteGlobalIDString = 11BC34F81B5D620100DBD7B8;
			remoteInfo = NutritionManager;
		};
/* End PBXContainerItemProxy section */

/* Begin PBXFileReference section */
		1122E8431B5E0D7600BCDB8F /* model.xcdatamodel */ = {isa = PBXFileReference; lastKnownFileType = wrapper.xcdatamodel; path = model.xcdatamodel; sourceTree = "<group>"; };
		112563741BD29021001B94C8 /* NutritionManager-Bridging-Header.h */ = {isa = PBXFileReference; lastKnownFileType = sourcecode.c.h; path = "NutritionManager-Bridging-Header.h"; sourceTree = "<group>"; };
		112563751BD29021001B94C8 /* SSCheckMark.h */ = {isa = PBXFileReference; fileEncoding = 4; lastKnownFileType = sourcecode.c.h; path = SSCheckMark.h; sourceTree = "<group>"; };
		112563761BD29021001B94C8 /* SSCheckMark.m */ = {isa = PBXFileReference; fileEncoding = 4; lastKnownFileType = sourcecode.c.objc; path = SSCheckMark.m; sourceTree = "<group>"; };
		1151FD601BC71DD1003DA3DF /* Dish.swift */ = {isa = PBXFileReference; fileEncoding = 4; lastKnownFileType = sourcecode.swift; path = Dish.swift; sourceTree = "<group>"; };
		1151FD621BC71DD1003DA3DF /* DishIngredient.swift */ = {isa = PBXFileReference; fileEncoding = 4; lastKnownFileType = sourcecode.swift; path = DishIngredient.swift; sourceTree = "<group>"; };
		115B2C1B1BC9EE40001F16C1 /* DishCell.swift */ = {isa = PBXFileReference; fileEncoding = 4; lastKnownFileType = sourcecode.swift; path = DishCell.swift; sourceTree = "<group>"; };
		115B2C1D1BC9F0C8001F16C1 /* DishCollection.swift */ = {isa = PBXFileReference; fileEncoding = 4; lastKnownFileType = sourcecode.swift; path = DishCollection.swift; sourceTree = "<group>"; };
		117D0C841BCA9971003C4F4D /* DishDetail.swift */ = {isa = PBXFileReference; fileEncoding = 4; lastKnownFileType = sourcecode.swift; path = DishDetail.swift; sourceTree = "<group>"; };
		1181E22C1BBB00A20037E520 /* CategoryList.swift */ = {isa = PBXFileReference; fileEncoding = 4; lastKnownFileType = sourcecode.swift; path = CategoryList.swift; sourceTree = "<group>"; };
		1194360A1B5DB416001EDFF8 /* IngredientCell.swift */ = {isa = PBXFileReference; fileEncoding = 4; lastKnownFileType = sourcecode.swift; path = IngredientCell.swift; sourceTree = "<group>"; };
		11A0DC251B5EDF7B00456C94 /* Info.plist */ = {isa = PBXFileReference; fileEncoding = 4; lastKnownFileType = text.plist.xml; path = Info.plist; sourceTree = "<group>"; };
		11A3EC161B5EF3AB0054A3A0 /* Pathes.swift */ = {isa = PBXFileReference; fileEncoding = 4; lastKnownFileType = sourcecode.swift; path = Pathes.swift; sourceTree = "<group>"; };
		11A3EC181B5EF91A0054A3A0 /* Database.swift */ = {isa = PBXFileReference; fileEncoding = 4; lastKnownFileType = sourcecode.swift; path = Database.swift; sourceTree = "<group>"; };
		11BC34F91B5D620100DBD7B8 /* NutritionManager.app */ = {isa = PBXFileReference; explicitFileType = wrapper.application; includeInIndex = 0; path = NutritionManager.app; sourceTree = BUILT_PRODUCTS_DIR; };
		11BC34FC1B5D620100DBD7B8 /* AppDelegate.swift */ = {isa = PBXFileReference; lastKnownFileType = sourcecode.swift; path = AppDelegate.swift; sourceTree = "<group>"; };
		11BC34FE1B5D620100DBD7B8 /* IngredientList.swift */ = {isa = PBXFileReference; lastKnownFileType = sourcecode.swift; path = IngredientList.swift; sourceTree = "<group>"; };
		11BC35031B5D620100DBD7B8 /* Base */ = {isa = PBXFileReference; lastKnownFileType = file.storyboard; name = Base; path = Base.lproj/Main.storyboard; sourceTree = "<group>"; };
		11BC35051B5D620100DBD7B8 /* Assets.xcassets */ = {isa = PBXFileReference; lastKnownFileType = folder.assetcatalog; path = Assets.xcassets; sourceTree = "<group>"; };
		11BC35081B5D620100DBD7B8 /* Base */ = {isa = PBXFileReference; lastKnownFileType = file.storyboard; name = Base; path = Base.lproj/LaunchScreen.storyboard; sourceTree = "<group>"; };
		11BC350F1B5D620200DBD7B8 /* NutritionManagerTests.xctest */ = {isa = PBXFileReference; explicitFileType = wrapper.cfbundle; includeInIndex = 0; path = NutritionManagerTests.xctest; sourceTree = BUILT_PRODUCTS_DIR; };
		11BC35131B5D620200DBD7B8 /* NutritionManagerTests.swift */ = {isa = PBXFileReference; lastKnownFileType = sourcecode.swift; path = NutritionManagerTests.swift; sourceTree = "<group>"; };
		11BC35151B5D620200DBD7B8 /* Info.plist */ = {isa = PBXFileReference; lastKnownFileType = text.plist.xml; path = Info.plist; sourceTree = "<group>"; };
		11BC351A1B5D620200DBD7B8 /* NutritionManagerUITests.xctest */ = {isa = PBXFileReference; explicitFileType = wrapper.cfbundle; includeInIndex = 0; path = NutritionManagerUITests.xctest; sourceTree = BUILT_PRODUCTS_DIR; };
		11BC351E1B5D620200DBD7B8 /* NutritionManagerUITests.swift */ = {isa = PBXFileReference; lastKnownFileType = sourcecode.swift; path = NutritionManagerUITests.swift; sourceTree = "<group>"; };
		11BC35201B5D620200DBD7B8 /* Info.plist */ = {isa = PBXFileReference; lastKnownFileType = text.plist.xml; path = Info.plist; sourceTree = "<group>"; };
		11C8A7B51B60E42D004409B4 /* IngredientDetail.swift */ = {isa = PBXFileReference; fileEncoding = 4; lastKnownFileType = sourcecode.swift; lineEnding = 0; path = IngredientDetail.swift; sourceTree = "<group>"; xcLanguageSpecificationIdentifier = xcode.lang.swift; };
		11C8A7B71B613F44004409B4 /* Units.swift */ = {isa = PBXFileReference; fileEncoding = 4; lastKnownFileType = sourcecode.swift; lineEnding = 0; path = Units.swift; sourceTree = "<group>"; xcLanguageSpecificationIdentifier = xcode.lang.swift; };
		11EEECFE1D10700A00E3E80F /* Base */ = {isa = PBXFileReference; lastKnownFileType = file.storyboard; name = Base; path = Base.lproj/Dishes.storyboard; sourceTree = "<group>"; };
		11EEED001D1073A300E3E80F /* Ingredients.storyboard */ = {isa = PBXFileReference; fileEncoding = 4; lastKnownFileType = file.storyboard; path = Ingredients.storyboard; sourceTree = "<group>"; };
		11F3D2261B5F89C40052516C /* Ingredient.swift */ = {isa = PBXFileReference; fileEncoding = 4; lastKnownFileType = sourcecode.swift; lineEnding = 0; path = Ingredient.swift; sourceTree = "<group>"; xcLanguageSpecificationIdentifier = xcode.lang.swift; };
		11F709821B63DFC600177ADE /* Category.swift */ = {isa = PBXFileReference; fileEncoding = 4; lastKnownFileType = sourcecode.swift; path = Category.swift; sourceTree = "<group>"; };
/* End PBXFileReference section */

/* Begin PBXFrameworksBuildPhase section */
		11BC34F61B5D620100DBD7B8 /* Frameworks */ = {
			isa = PBXFrameworksBuildPhase;
			buildActionMask = 2147483647;
			files = (
			);
			runOnlyForDeploymentPostprocessing = 0;
		};
		11BC350C1B5D620200DBD7B8 /* Frameworks */ = {
			isa = PBXFrameworksBuildPhase;
			buildActionMask = 2147483647;
			files = (
			);
			runOnlyForDeploymentPostprocessing = 0;
		};
		11BC35171B5D620200DBD7B8 /* Frameworks */ = {
			isa = PBXFrameworksBuildPhase;
			buildActionMask = 2147483647;
			files = (
			);
			runOnlyForDeploymentPostprocessing = 0;
		};
/* End PBXFrameworksBuildPhase section */

/* Begin PBXGroup section */
		119436091B5D9DAF001EDFF8 /* ViewController */ = {
			isa = PBXGroup;
			children = (
				11BC34FE1B5D620100DBD7B8 /* IngredientList.swift */,
				11C8A7B51B60E42D004409B4 /* IngredientDetail.swift */,
				117D0C841BCA9971003C4F4D /* DishDetail.swift */,
				1181E22C1BBB00A20037E520 /* CategoryList.swift */,
				115B2C1D1BC9F0C8001F16C1 /* DishCollection.swift */,
			);
			name = ViewController;
			sourceTree = "<group>";
		};
		11A0DC131B5ECDA500456C94 /* Views */ = {
			isa = PBXGroup;
			children = (
				1194360A1B5DB416001EDFF8 /* IngredientCell.swift */,
				115B2C1B1BC9EE40001F16C1 /* DishCell.swift */,
				112563751BD29021001B94C8 /* SSCheckMark.h */,
				112563761BD29021001B94C8 /* SSCheckMark.m */,
			);
			name = Views;
			sourceTree = "<group>";
		};
		11A0DC151B5ECDF400456C94 /* Entities */ = {
			isa = PBXGroup;
			children = (
				1151FD601BC71DD1003DA3DF /* Dish.swift */,
				1151FD621BC71DD1003DA3DF /* DishIngredient.swift */,
				11F709821B63DFC600177ADE /* Category.swift */,
				11F3D2261B5F89C40052516C /* Ingredient.swift */,
			);
			path = Entities;
			sourceTree = "<group>";
		};
		11A0DC161B5ECE0400456C94 /* Resource */ = {
			isa = PBXGroup;
			children = (
				1122E8421B5E0D7600BCDB8F /* model.xcdatamodeld */,
				11BC35021B5D620100DBD7B8 /* Main.storyboard */,
				11EEED001D1073A300E3E80F /* Ingredients.storyboard */,
				11BC35051B5D620100DBD7B8 /* Assets.xcassets */,
				11BC35071B5D620100DBD7B8 /* LaunchScreen.storyboard */,
				11EEECFD1D10700A00E3E80F /* Dishes.storyboard */,
			);
			path = Resource;
			sourceTree = "<group>";
		};
		11A0DC171B5ED85C00456C94 /* Source */ = {
			isa = PBXGroup;
			children = (
				11BC34FC1B5D620100DBD7B8 /* AppDelegate.swift */,
				112563741BD29021001B94C8 /* NutritionManager-Bridging-Header.h */,
				11A0DC131B5ECDA500456C94 /* Views */,
				119436091B5D9DAF001EDFF8 /* ViewController */,
				11A0DC151B5ECDF400456C94 /* Entities */,
				11A3EC151B5EF3770054A3A0 /* Util */,
			);
			path = Source;
			sourceTree = "<group>";
		};
		11A3EC151B5EF3770054A3A0 /* Util */ = {
			isa = PBXGroup;
			children = (
				11A3EC161B5EF3AB0054A3A0 /* Pathes.swift */,
				11A3EC181B5EF91A0054A3A0 /* Database.swift */,
				11C8A7B71B613F44004409B4 /* Units.swift */,
			);
			name = Util;
			sourceTree = "<group>";
		};
		11BC34F01B5D620100DBD7B8 = {
			isa = PBXGroup;
			children = (
				11BC34FB1B5D620100DBD7B8 /* NutritionManager */,
				11BC35121B5D620200DBD7B8 /* NutritionManagerTests */,
				11BC351D1B5D620200DBD7B8 /* NutritionManagerUITests */,
				11BC34FA1B5D620100DBD7B8 /* Products */,
			);
			sourceTree = "<group>";
		};
		11BC34FA1B5D620100DBD7B8 /* Products */ = {
			isa = PBXGroup;
			children = (
				11BC34F91B5D620100DBD7B8 /* NutritionManager.app */,
				11BC350F1B5D620200DBD7B8 /* NutritionManagerTests.xctest */,
				11BC351A1B5D620200DBD7B8 /* NutritionManagerUITests.xctest */,
			);
			name = Products;
			sourceTree = "<group>";
		};
		11BC34FB1B5D620100DBD7B8 /* NutritionManager */ = {
			isa = PBXGroup;
			children = (
				11A0DC171B5ED85C00456C94 /* Source */,
				11A0DC161B5ECE0400456C94 /* Resource */,
				11A0DC251B5EDF7B00456C94 /* Info.plist */,
			);
			path = NutritionManager;
			sourceTree = "<group>";
		};
		11BC35121B5D620200DBD7B8 /* NutritionManagerTests */ = {
			isa = PBXGroup;
			children = (
				11BC35131B5D620200DBD7B8 /* NutritionManagerTests.swift */,
				11BC35151B5D620200DBD7B8 /* Info.plist */,
			);
			path = NutritionManagerTests;
			sourceTree = "<group>";
		};
		11BC351D1B5D620200DBD7B8 /* NutritionManagerUITests */ = {
			isa = PBXGroup;
			children = (
				11BC351E1B5D620200DBD7B8 /* NutritionManagerUITests.swift */,
				11BC35201B5D620200DBD7B8 /* Info.plist */,
			);
			path = NutritionManagerUITests;
			sourceTree = "<group>";
		};
/* End PBXGroup section */

/* Begin PBXNativeTarget section */
		11BC34F81B5D620100DBD7B8 /* NutritionManager */ = {
			isa = PBXNativeTarget;
			buildConfigurationList = 11BC35231B5D620200DBD7B8 /* Build configuration list for PBXNativeTarget "NutritionManager" */;
			buildPhases = (
				11BC34F51B5D620100DBD7B8 /* Sources */,
				11BC34F61B5D620100DBD7B8 /* Frameworks */,
				11BC34F71B5D620100DBD7B8 /* Resources */,
			);
			buildRules = (
			);
			dependencies = (
			);
			name = NutritionManager;
			productName = NutritionManager;
			productReference = 11BC34F91B5D620100DBD7B8 /* NutritionManager.app */;
			productType = "com.apple.product-type.application";
		};
		11BC350E1B5D620200DBD7B8 /* NutritionManagerTests */ = {
			isa = PBXNativeTarget;
			buildConfigurationList = 11BC35261B5D620200DBD7B8 /* Build configuration list for PBXNativeTarget "NutritionManagerTests" */;
			buildPhases = (
				11BC350B1B5D620200DBD7B8 /* Sources */,
				11BC350C1B5D620200DBD7B8 /* Frameworks */,
				11BC350D1B5D620200DBD7B8 /* Resources */,
			);
			buildRules = (
			);
			dependencies = (
				11BC35111B5D620200DBD7B8 /* PBXTargetDependency */,
			);
			name = NutritionManagerTests;
			productName = NutritionManagerTests;
			productReference = 11BC350F1B5D620200DBD7B8 /* NutritionManagerTests.xctest */;
			productType = "com.apple.product-type.bundle.unit-test";
		};
		11BC35191B5D620200DBD7B8 /* NutritionManagerUITests */ = {
			isa = PBXNativeTarget;
			buildConfigurationList = 11BC35291B5D620200DBD7B8 /* Build configuration list for PBXNativeTarget "NutritionManagerUITests" */;
			buildPhases = (
				11BC35161B5D620200DBD7B8 /* Sources */,
				11BC35171B5D620200DBD7B8 /* Frameworks */,
				11BC35181B5D620200DBD7B8 /* Resources */,
			);
			buildRules = (
			);
			dependencies = (
				11BC351C1B5D620200DBD7B8 /* PBXTargetDependency */,
			);
			name = NutritionManagerUITests;
			productName = NutritionManagerUITests;
			productReference = 11BC351A1B5D620200DBD7B8 /* NutritionManagerUITests.xctest */;
			productType = "com.apple.product-type.bundle.ui-testing";
		};
/* End PBXNativeTarget section */

/* Begin PBXProject section */
		11BC34F11B5D620100DBD7B8 /* Project object */ = {
			isa = PBXProject;
			attributes = {
				LastSwiftUpdateCheck = 0700;
				LastUpgradeCheck = 0700;
				TargetAttributes = {
					11BC34F81B5D620100DBD7B8 = {
						CreatedOnToolsVersion = 7.0;
						DevelopmentTeam = RRC5G9347V;
						LastSwiftMigration = 0800;
						SystemCapabilities = {
							com.apple.DataProtection = {
								enabled = 1;
							};
						};
					};
					11BC350E1B5D620200DBD7B8 = {
						CreatedOnToolsVersion = 7.0;
						LastSwiftMigration = 0800;
						TestTargetID = 11BC34F81B5D620100DBD7B8;
					};
					11BC35191B5D620200DBD7B8 = {
						CreatedOnToolsVersion = 7.0;
						LastSwiftMigration = 0800;
						TestTargetID = 11BC34F81B5D620100DBD7B8;
					};
				};
			};
			buildConfigurationList = 11BC34F41B5D620100DBD7B8 /* Build configuration list for PBXProject "NutritionManager" */;
			compatibilityVersion = "Xcode 3.2";
			developmentRegion = English;
			hasScannedForEncodings = 0;
			knownRegions = (
				en,
				Base,
			);
			mainGroup = 11BC34F01B5D620100DBD7B8;
			productRefGroup = 11BC34FA1B5D620100DBD7B8 /* Products */;
			projectDirPath = "";
			projectRoot = "";
			targets = (
				11BC34F81B5D620100DBD7B8 /* NutritionManager */,
				11BC350E1B5D620200DBD7B8 /* NutritionManagerTests */,
				11BC35191B5D620200DBD7B8 /* NutritionManagerUITests */,
			);
		};
/* End PBXProject section */

/* Begin PBXResourcesBuildPhase section */
		11BC34F71B5D620100DBD7B8 /* Resources */ = {
			isa = PBXResourcesBuildPhase;
			buildActionMask = 2147483647;
			files = (
				11EEECFF1D10700A00E3E80F /* Dishes.storyboard in Resources */,
				11BC35091B5D620100DBD7B8 /* LaunchScreen.storyboard in Resources */,
				11BC35061B5D620100DBD7B8 /* Assets.xcassets in Resources */,
				11BC35041B5D620100DBD7B8 /* Main.storyboard in Resources */,
				11EEED011D1073A300E3E80F /* Ingredients.storyboard in Resources */,
			);
			runOnlyForDeploymentPostprocessing = 0;
		};
		11BC350D1B5D620200DBD7B8 /* Resources */ = {
			isa = PBXResourcesBuildPhase;
			buildActionMask = 2147483647;
			files = (
			);
			runOnlyForDeploymentPostprocessing = 0;
		};
		11BC35181B5D620200DBD7B8 /* Resources */ = {
			isa = PBXResourcesBuildPhase;
			buildActionMask = 2147483647;
			files = (
			);
			runOnlyForDeploymentPostprocessing = 0;
		};
/* End PBXResourcesBuildPhase section */

/* Begin PBXSourcesBuildPhase section */
		11BC34F51B5D620100DBD7B8 /* Sources */ = {
			isa = PBXSourcesBuildPhase;
			buildActionMask = 2147483647;
			files = (
				1181E22D1BBB00A20037E520 /* CategoryList.swift in Sources */,
				11A3EC171B5EF3AB0054A3A0 /* Pathes.swift in Sources */,
				11BC34FD1B5D620100DBD7B8 /* AppDelegate.swift in Sources */,
				115B2C1E1BC9F0C8001F16C1 /* DishCollection.swift in Sources */,
				11C8A7B61B60E42D004409B4 /* IngredientDetail.swift in Sources */,
				11BC34FF1B5D620100DBD7B8 /* IngredientList.swift in Sources */,
				11F3D2281B5F89C40052516C /* Ingredient.swift in Sources */,
				1194360B1B5DB416001EDFF8 /* IngredientCell.swift in Sources */,
				1151FD661BC71DD1003DA3DF /* DishIngredient.swift in Sources */,
				1122E8441B5E0D7600BCDB8F /* model.xcdatamodeld in Sources */,
				117D0C851BCA9971003C4F4D /* DishDetail.swift in Sources */,
				112563771BD29021001B94C8 /* SSCheckMark.m in Sources */,
				11A3EC191B5EF91A0054A3A0 /* Database.swift in Sources */,
				11C8A7B81B613F44004409B4 /* Units.swift in Sources */,
				115B2C1C1BC9EE40001F16C1 /* DishCell.swift in Sources */,
				11F709841B63DFC600177ADE /* Category.swift in Sources */,
				1151FD641BC71DD1003DA3DF /* Dish.swift in Sources */,
			);
			runOnlyForDeploymentPostprocessing = 0;
		};
		11BC350B1B5D620200DBD7B8 /* Sources */ = {
			isa = PBXSourcesBuildPhase;
			buildActionMask = 2147483647;
			files = (
				11BC35141B5D620200DBD7B8 /* NutritionManagerTests.swift in Sources */,
			);
			runOnlyForDeploymentPostprocessing = 0;
		};
		11BC35161B5D620200DBD7B8 /* Sources */ = {
			isa = PBXSourcesBuildPhase;
			buildActionMask = 2147483647;
			files = (
				11BC351F1B5D620200DBD7B8 /* NutritionManagerUITests.swift in Sources */,
			);
			runOnlyForDeploymentPostprocessing = 0;
		};
/* End PBXSourcesBuildPhase section */

/* Begin PBXTargetDependency section */
		11BC35111B5D620200DBD7B8 /* PBXTargetDependency */ = {
			isa = PBXTargetDependency;
			target = 11BC34F81B5D620100DBD7B8 /* NutritionManager */;
			targetProxy = 11BC35101B5D620200DBD7B8 /* PBXContainerItemProxy */;
		};
		11BC351C1B5D620200DBD7B8 /* PBXTargetDependency */ = {
			isa = PBXTargetDependency;
			target = 11BC34F81B5D620100DBD7B8 /* NutritionManager */;
			targetProxy = 11BC351B1B5D620200DBD7B8 /* PBXContainerItemProxy */;
		};
/* End PBXTargetDependency section */

/* Begin PBXVariantGroup section */
		11BC35021B5D620100DBD7B8 /* Main.storyboard */ = {
			isa = PBXVariantGroup;
			children = (
				11BC35031B5D620100DBD7B8 /* Base */,
			);
			name = Main.storyboard;
			sourceTree = "<group>";
		};
		11BC35071B5D620100DBD7B8 /* LaunchScreen.storyboard */ = {
			isa = PBXVariantGroup;
			children = (
				11BC35081B5D620100DBD7B8 /* Base */,
			);
			name = LaunchScreen.storyboard;
			sourceTree = "<group>";
		};
		11EEECFD1D10700A00E3E80F /* Dishes.storyboard */ = {
			isa = PBXVariantGroup;
			children = (
				11EEECFE1D10700A00E3E80F /* Base */,
			);
			name = Dishes.storyboard;
			sourceTree = "<group>";
		};
/* End PBXVariantGroup section */

/* Begin XCBuildConfiguration section */
		11BC35211B5D620200DBD7B8 /* Debug */ = {
			isa = XCBuildConfiguration;
			buildSettings = {
				ALWAYS_SEARCH_USER_PATHS = NO;
				CLANG_ANALYZER_SECURITY_FLOATLOOPCOUNTER = YES;
				CLANG_ANALYZER_SECURITY_INSECUREAPI_RAND = YES;
				CLANG_ANALYZER_SECURITY_INSECUREAPI_STRCPY = YES;
				CLANG_CXX_LANGUAGE_STANDARD = "gnu++0x";
				CLANG_CXX_LIBRARY = "libc++";
				CLANG_ENABLE_MODULES = YES;
				CLANG_ENABLE_OBJC_ARC = YES;
				CLANG_WARN_ASSIGN_ENUM = YES;
				CLANG_WARN_BOOL_CONVERSION = YES;
				CLANG_WARN_CONSTANT_CONVERSION = YES;
				CLANG_WARN_CXX0X_EXTENSIONS = YES;
				CLANG_WARN_DEPRECATED_OBJC_IMPLEMENTATIONS = YES;
				CLANG_WARN_DIRECT_OBJC_ISA_USAGE = YES_ERROR;
				CLANG_WARN_DOCUMENTATION_COMMENTS = YES;
				CLANG_WARN_EMPTY_BODY = YES;
				CLANG_WARN_ENUM_CONVERSION = YES;
				CLANG_WARN_IMPLICIT_SIGN_CONVERSION = YES;
				CLANG_WARN_INT_CONVERSION = YES;
				CLANG_WARN_OBJC_EXPLICIT_OWNERSHIP_TYPE = YES;
				CLANG_WARN_OBJC_IMPLICIT_RETAIN_SELF = YES;
				CLANG_WARN_OBJC_REPEATED_USE_OF_WEAK = YES;
				CLANG_WARN_OBJC_ROOT_CLASS = YES_ERROR;
				CLANG_WARN_SUSPICIOUS_IMPLICIT_CONVERSION = YES;
				CLANG_WARN_UNREACHABLE_CODE = YES;
				CLANG_WARN__DUPLICATE_METHOD_MATCH = YES;
				CLANG_WARN__EXIT_TIME_DESTRUCTORS = YES;
				CODE_SIGN_IDENTITY = "iPhone Developer";
				"CODE_SIGN_IDENTITY[sdk=iphoneos*]" = "iPhone Developer";
				COPY_PHASE_STRIP = NO;
				DEBUG_INFORMATION_FORMAT = dwarf;
				ENABLE_STRICT_OBJC_MSGSEND = YES;
				ENABLE_TESTABILITY = YES;
				GCC_C_LANGUAGE_STANDARD = gnu99;
				GCC_DYNAMIC_NO_PIC = NO;
				GCC_NO_COMMON_BLOCKS = YES;
				GCC_OPTIMIZATION_LEVEL = 0;
				GCC_PREPROCESSOR_DEFINITIONS = (
					"DEBUG=1",
					"$(inherited)",
				);
				GCC_TREAT_IMPLICIT_FUNCTION_DECLARATIONS_AS_ERRORS = YES;
				GCC_TREAT_INCOMPATIBLE_POINTER_TYPE_WARNINGS_AS_ERRORS = YES;
				GCC_WARN_64_TO_32_BIT_CONVERSION = YES;
				GCC_WARN_ABOUT_MISSING_FIELD_INITIALIZERS = YES;
				GCC_WARN_ABOUT_MISSING_NEWLINE = YES;
				GCC_WARN_ABOUT_MISSING_PROTOTYPES = YES;
				GCC_WARN_ABOUT_RETURN_TYPE = YES_ERROR;
				GCC_WARN_FOUR_CHARACTER_CONSTANTS = YES;
				GCC_WARN_INITIALIZER_NOT_FULLY_BRACKETED = YES;
				GCC_WARN_NON_VIRTUAL_DESTRUCTOR = YES;
				GCC_WARN_SHADOW = YES;
				GCC_WARN_SIGN_COMPARE = YES;
				GCC_WARN_UNDECLARED_SELECTOR = YES;
				GCC_WARN_UNINITIALIZED_AUTOS = YES_AGGRESSIVE;
				GCC_WARN_UNKNOWN_PRAGMAS = YES;
				GCC_WARN_UNUSED_FUNCTION = YES;
				GCC_WARN_UNUSED_LABEL = YES;
				GCC_WARN_UNUSED_PARAMETER = NO;
				GCC_WARN_UNUSED_VARIABLE = YES;
				IPHONEOS_DEPLOYMENT_TARGET = 9.0;
				MTL_ENABLE_DEBUG_INFO = YES;
				ONLY_ACTIVE_ARCH = YES;
				SDKROOT = iphoneos;
				SWIFT_OPTIMIZATION_LEVEL = "-Onone";
				TARGETED_DEVICE_FAMILY = "1,2";
			};
			name = Debug;
		};
		11BC35221B5D620200DBD7B8 /* Release */ = {
			isa = XCBuildConfiguration;
			buildSettings = {
				ALWAYS_SEARCH_USER_PATHS = NO;
				CLANG_ANALYZER_SECURITY_FLOATLOOPCOUNTER = YES;
				CLANG_ANALYZER_SECURITY_INSECUREAPI_RAND = YES;
				CLANG_ANALYZER_SECURITY_INSECUREAPI_STRCPY = YES;
				CLANG_CXX_LANGUAGE_STANDARD = "gnu++0x";
				CLANG_CXX_LIBRARY = "libc++";
				CLANG_ENABLE_MODULES = YES;
				CLANG_ENABLE_OBJC_ARC = YES;
				CLANG_WARN_ASSIGN_ENUM = YES;
				CLANG_WARN_BOOL_CONVERSION = YES;
				CLANG_WARN_CONSTANT_CONVERSION = YES;
				CLANG_WARN_CXX0X_EXTENSIONS = YES;
				CLANG_WARN_DEPRECATED_OBJC_IMPLEMENTATIONS = YES;
				CLANG_WARN_DIRECT_OBJC_ISA_USAGE = YES_ERROR;
				CLANG_WARN_DOCUMENTATION_COMMENTS = YES;
				CLANG_WARN_EMPTY_BODY = YES;
				CLANG_WARN_ENUM_CONVERSION = YES;
				CLANG_WARN_IMPLICIT_SIGN_CONVERSION = YES;
				CLANG_WARN_INT_CONVERSION = YES;
				CLANG_WARN_OBJC_EXPLICIT_OWNERSHIP_TYPE = YES;
				CLANG_WARN_OBJC_IMPLICIT_RETAIN_SELF = YES;
				CLANG_WARN_OBJC_REPEATED_USE_OF_WEAK = YES;
				CLANG_WARN_OBJC_ROOT_CLASS = YES_ERROR;
				CLANG_WARN_SUSPICIOUS_IMPLICIT_CONVERSION = YES;
				CLANG_WARN_UNREACHABLE_CODE = YES;
				CLANG_WARN__DUPLICATE_METHOD_MATCH = YES;
				CLANG_WARN__EXIT_TIME_DESTRUCTORS = YES;
				CODE_SIGN_IDENTITY = "iPhone Developer";
				"CODE_SIGN_IDENTITY[sdk=iphoneos*]" = "iPhone Developer";
				COPY_PHASE_STRIP = NO;
				DEBUG_INFORMATION_FORMAT = "dwarf-with-dsym";
				ENABLE_NS_ASSERTIONS = NO;
				ENABLE_STRICT_OBJC_MSGSEND = YES;
				GCC_C_LANGUAGE_STANDARD = gnu99;
				GCC_NO_COMMON_BLOCKS = YES;
				GCC_TREAT_IMPLICIT_FUNCTION_DECLARATIONS_AS_ERRORS = YES;
				GCC_TREAT_INCOMPATIBLE_POINTER_TYPE_WARNINGS_AS_ERRORS = YES;
				GCC_WARN_64_TO_32_BIT_CONVERSION = YES;
				GCC_WARN_ABOUT_MISSING_FIELD_INITIALIZERS = YES;
				GCC_WARN_ABOUT_MISSING_NEWLINE = YES;
				GCC_WARN_ABOUT_MISSING_PROTOTYPES = YES;
				GCC_WARN_ABOUT_RETURN_TYPE = YES_ERROR;
				GCC_WARN_FOUR_CHARACTER_CONSTANTS = YES;
				GCC_WARN_INITIALIZER_NOT_FULLY_BRACKETED = YES;
				GCC_WARN_NON_VIRTUAL_DESTRUCTOR = YES;
				GCC_WARN_SHADOW = YES;
				GCC_WARN_SIGN_COMPARE = YES;
				GCC_WARN_UNDECLARED_SELECTOR = YES;
				GCC_WARN_UNINITIALIZED_AUTOS = YES_AGGRESSIVE;
				GCC_WARN_UNKNOWN_PRAGMAS = YES;
				GCC_WARN_UNUSED_FUNCTION = YES;
				GCC_WARN_UNUSED_LABEL = YES;
				GCC_WARN_UNUSED_PARAMETER = NO;
				GCC_WARN_UNUSED_VARIABLE = YES;
				IPHONEOS_DEPLOYMENT_TARGET = 9.0;
				MTL_ENABLE_DEBUG_INFO = NO;
				SDKROOT = iphoneos;
				SWIFT_OPTIMIZATION_LEVEL = "-Owholemodule";
				TARGETED_DEVICE_FAMILY = "1,2";
				VALIDATE_PRODUCT = YES;
			};
			name = Release;
		};
		11BC35241B5D620200DBD7B8 /* Debug */ = {
			isa = XCBuildConfiguration;
			buildSettings = {
				ASSETCATALOG_COMPILER_APPICON_NAME = AppIcon;
				CLANG_ENABLE_MODULES = YES;
				CODE_SIGN_IDENTITY = "iPhone Developer";
				"CODE_SIGN_IDENTITY[sdk=iphoneos*]" = "iPhone Developer";
				INFOPLIST_FILE = NutritionManager/Info.plist;
				IPHONEOS_DEPLOYMENT_TARGET = 10.0;
				LD_RUNPATH_SEARCH_PATHS = "$(inherited) @executable_path/Frameworks";
				PRODUCT_BUNDLE_IDENTIFIER = io.theissen.NutritionManager;
				PRODUCT_NAME = "$(TARGET_NAME)";
				PROVISIONING_PROFILE = "";
				SWIFT_OBJC_BRIDGING_HEADER = "NutritionManager/Source/NutritionManager-Bridging-Header.h";
				SWIFT_OPTIMIZATION_LEVEL = "-Onone";
				SWIFT_VERSION = 3.0;
			};
			name = Debug;
		};
		11BC35251B5D620200DBD7B8 /* Release */ = {
			isa = XCBuildConfiguration;
			buildSettings = {
				ASSETCATALOG_COMPILER_APPICON_NAME = AppIcon;
				CLANG_ENABLE_MODULES = YES;
				CODE_SIGN_IDENTITY = "iPhone Developer";
				"CODE_SIGN_IDENTITY[sdk=iphoneos*]" = "iPhone Developer";
				INFOPLIST_FILE = NutritionManager/Info.plist;
				IPHONEOS_DEPLOYMENT_TARGET = 10.0;
				LD_RUNPATH_SEARCH_PATHS = "$(inherited) @executable_path/Frameworks";
				PRODUCT_BUNDLE_IDENTIFIER = io.theissen.NutritionManager;
				PRODUCT_NAME = "$(TARGET_NAME)";
				PROVISIONING_PROFILE = "";
				SWIFT_OBJC_BRIDGING_HEADER = "NutritionManager/Source/NutritionManager-Bridging-Header.h";
				SWIFT_VERSION = 3.0;
			};
			name = Release;
		};
		11BC35271B5D620200DBD7B8 /* Debug */ = {
			isa = XCBuildConfiguration;
			buildSettings = {
				BUNDLE_LOADER = "$(TEST_HOST)";
				INFOPLIST_FILE = NutritionManagerTests/Info.plist;
				LD_RUNPATH_SEARCH_PATHS = "$(inherited) @executable_path/Frameworks @loader_path/Frameworks";
				PRODUCT_BUNDLE_IDENTIFIER = io.theissen.NutritionManagerTests;
				PRODUCT_NAME = "$(TARGET_NAME)";
				SWIFT_VERSION = 3.0;
				TEST_HOST = "$(BUILT_PRODUCTS_DIR)/NutritionManager.app/NutritionManager";
			};
			name = Debug;
		};
		11BC35281B5D620200DBD7B8 /* Release */ = {
			isa = XCBuildConfiguration;
			buildSettings = {
				BUNDLE_LOADER = "$(TEST_HOST)";
				INFOPLIST_FILE = NutritionManagerTests/Info.plist;
				LD_RUNPATH_SEARCH_PATHS = "$(inherited) @executable_path/Frameworks @loader_path/Frameworks";
				PRODUCT_BUNDLE_IDENTIFIER = io.theissen.NutritionManagerTests;
				PRODUCT_NAME = "$(TARGET_NAME)";
				SWIFT_VERSION = 3.0;
				TEST_HOST = "$(BUILT_PRODUCTS_DIR)/NutritionManager.app/NutritionManager";
			};
			name = Release;
		};
		11BC352A1B5D620200DBD7B8 /* Debug */ = {
			isa = XCBuildConfiguration;
			buildSettings = {
				INFOPLIST_FILE = NutritionManagerUITests/Info.plist;
				LD_RUNPATH_SEARCH_PATHS = "$(inherited) @executable_path/Frameworks @loader_path/Frameworks";
				PRODUCT_BUNDLE_IDENTIFIER = io.theissen.NutritionManagerUITests;
				PRODUCT_NAME = "$(TARGET_NAME)";
				SWIFT_VERSION = 3.0;
				TEST_TARGET_NAME = NutritionManager;
				USES_XCTRUNNER = YES;
			};
			name = Debug;
		};
		11BC352B1B5D620200DBD7B8 /* Release */ = {
			isa = XCBuildConfiguration;
			buildSettings = {
				INFOPLIST_FILE = NutritionManagerUITests/Info.plist;
				LD_RUNPATH_SEARCH_PATHS = "$(inherited) @executable_path/Frameworks @loader_path/Frameworks";
				PRODUCT_BUNDLE_IDENTIFIER = io.theissen.NutritionManagerUITests;
				PRODUCT_NAME = "$(TARGET_NAME)";
				SWIFT_VERSION = 3.0;
				TEST_TARGET_NAME = NutritionManager;
				USES_XCTRUNNER = YES;
			};
			name = Release;
		};
/* End XCBuildConfiguration section */

/* Begin XCConfigurationList section */
		11BC34F41B5D620100DBD7B8 /* Build configuration list for PBXProject "NutritionManager" */ = {
			isa = XCConfigurationList;
			buildConfigurations = (
				11BC35211B5D620200DBD7B8 /* Debug */,
				11BC35221B5D620200DBD7B8 /* Release */,
			);
			defaultConfigurationIsVisible = 0;
			defaultConfigurationName = Release;
		};
		11BC35231B5D620200DBD7B8 /* Build configuration list for PBXNativeTarget "NutritionManager" */ = {
			isa = XCConfigurationList;
			buildConfigurations = (
				11BC35241B5D620200DBD7B8 /* Debug */,
				11BC35251B5D620200DBD7B8 /* Release */,
			);
			defaultConfigurationIsVisible = 0;
			defaultConfigurationName = Release;
		};
		11BC35261B5D620200DBD7B8 /* Build configuration list for PBXNativeTarget "NutritionManagerTests" */ = {
			isa = XCConfigurationList;
			buildConfigurations = (
				11BC35271B5D620200DBD7B8 /* Debug */,
				11BC35281B5D620200DBD7B8 /* Release */,
			);
			defaultConfigurationIsVisible = 0;
			defaultConfigurationName = Release;
		};
		11BC35291B5D620200DBD7B8 /* Build configuration list for PBXNativeTarget "NutritionManagerUITests" */ = {
			isa = XCConfigurationList;
			buildConfigurations = (
				11BC352A1B5D620200DBD7B8 /* Debug */,
				11BC352B1B5D620200DBD7B8 /* Release */,
			);
			defaultConfigurationIsVisible = 0;
			defaultConfigurationName = Release;
		};
/* End XCConfigurationList section */

/* Begin XCVersionGroup section */
		1122E8421B5E0D7600BCDB8F /* model.xcdatamodeld */ = {
			isa = XCVersionGroup;
			children = (
				1122E8431B5E0D7600BCDB8F /* model.xcdatamodel */,
			);
			currentVersion = 1122E8431B5E0D7600BCDB8F /* model.xcdatamodel */;
			path = model.xcdatamodeld;
			sourceTree = "<group>";
			versionGroupType = wrapper.xcdatamodel;
		};
/* End XCVersionGroup section */
	};
	rootObject = 11BC34F11B5D620100DBD7B8 /* Project object */;
}
